hash: 99202385c82c92333ef894f0cd2a12cd7f7015f744fc07113236498587e33c03
updated: 2019-06-20T11:51:43.002003-05:00
imports:
- name: github.com/julienschmidt/httprouter
  version: 348b672cd90d8190f8240323e372ecd1e66b59dc
- name: github.com/konsorten/go-windows-terminal-sequences
  version: f55edac94c9bbba5d6182a4be46d86a2c9b5b50e
- name: github.com/rumyantseva/production-ready-microservices
  version: 759ce485b6a1155db8a13b878c1e8ca87ff27607
  subpackages:
  - practice/11-healthcheck/version
- name: github.com/sirupsen/logrus
  version: 839c75faf7f98a33d445d181f3018b5c3409a45e
- name: golang.org/x/sys
  version: b47fdc937951267e2d980171881317deea47f29b
  subpackages:
  - unix
testImports: []
